// !$*UTF8*$!
{
	archiveVersion = 1;
	classes = {
	};
	objectVersion = 48;
	objects = {

/* Begin PBXBuildFile section */
		B5706E8D2077DE000002BB53 /* GradientView.swift in Sources */ = {isa = PBXBuildFile; fileRef = B5706E8C2077DE000002BB53 /* GradientView.swift */; };
		B5706E8F2077E14B0002BB53 /* InstagramViewController.swift in Sources */ = {isa = PBXBuildFile; fileRef = B5706E8E2077E14B0002BB53 /* InstagramViewController.swift */; };
		B5706E922078023F0002BB53 /* CustomTableViewCell.swift in Sources */ = {isa = PBXBuildFile; fileRef = B5706E912078023F0002BB53 /* CustomTableViewCell.swift */; };
		B5706E9420780FF00002BB53 /* InstagramViewControllerExtension.swift in Sources */ = {isa = PBXBuildFile; fileRef = B5706E9320780FF00002BB53 /* InstagramViewControllerExtension.swift */; };
		B5706E962078248F0002BB53 /* EmitterViewController.swift in Sources */ = {isa = PBXBuildFile; fileRef = B5706E952078248F0002BB53 /* EmitterViewController.swift */; };
		B5706E982078270F0002BB53 /* Emitter.swift in Sources */ = {isa = PBXBuildFile; fileRef = B5706E972078270F0002BB53 /* Emitter.swift */; };
		B5706E9A20783C7B0002BB53 /* RadialGradientView.swift in Sources */ = {isa = PBXBuildFile; fileRef = B5706E9920783C7B0002BB53 /* RadialGradientView.swift */; };
		B571379320751A8E000CC454 /* RoundView.swift in Sources */ = {isa = PBXBuildFile; fileRef = B571379220751A8E000CC454 /* RoundView.swift */; };
		B5713795207522F8000CC454 /* RateFoodViewController.swift in Sources */ = {isa = PBXBuildFile; fileRef = B5713794207522F8000CC454 /* RateFoodViewController.swift */; };
		B571379720755DB6000CC454 /* AnimationBounceViewController.swift in Sources */ = {isa = PBXBuildFile; fileRef = B571379620755DB6000CC454 /* AnimationBounceViewController.swift */; };
		B5945BC8207585D600A9078A /* FlipOverViewController.swift in Sources */ = {isa = PBXBuildFile; fileRef = B5945BC7207585D600A9078A /* FlipOverViewController.swift */; };
		B5CD63D42073ED0400F114FB /* AppDelegate.swift in Sources */ = {isa = PBXBuildFile; fileRef = B5CD63D32073ED0400F114FB /* AppDelegate.swift */; };
		B5CD63D62073ED0400F114FB /* ViewController.swift in Sources */ = {isa = PBXBuildFile; fileRef = B5CD63D52073ED0400F114FB /* ViewController.swift */; };
		B5CD63D92073ED0400F114FB /* Main.storyboard in Resources */ = {isa = PBXBuildFile; fileRef = B5CD63D72073ED0400F114FB /* Main.storyboard */; };
		B5CD63DB2073ED0400F114FB /* Assets.xcassets in Resources */ = {isa = PBXBuildFile; fileRef = B5CD63DA2073ED0400F114FB /* Assets.xcassets */; };
		B5CD63DE2073ED0400F114FB /* LaunchScreen.storyboard in Resources */ = {isa = PBXBuildFile; fileRef = B5CD63DC2073ED0400F114FB /* LaunchScreen.storyboard */; };
		B5CD63E62073F6C100F114FB /* BottonMenuViewController.swift in Sources */ = {isa = PBXBuildFile; fileRef = B5CD63E52073F6C100F114FB /* BottonMenuViewController.swift */; };
/* End PBXBuildFile section */

/* Begin PBXFileReference section */
		B5706E8C2077DE000002BB53 /* GradientView.swift */ = {isa = PBXFileReference; lastKnownFileType = sourcecode.swift; path = GradientView.swift; sourceTree = "<group>"; };
		B5706E8E2077E14B0002BB53 /* InstagramViewController.swift */ = {isa = PBXFileReference; lastKnownFileType = sourcecode.swift; path = InstagramViewController.swift; sourceTree = "<group>"; };
		B5706E912078023F0002BB53 /* CustomTableViewCell.swift */ = {isa = PBXFileReference; lastKnownFileType = sourcecode.swift; path = CustomTableViewCell.swift; sourceTree = "<group>"; };
		B5706E9320780FF00002BB53 /* InstagramViewControllerExtension.swift */ = {isa = PBXFileReference; lastKnownFileType = sourcecode.swift; path = InstagramViewControllerExtension.swift; sourceTree = "<group>"; };
		B5706E952078248F0002BB53 /* EmitterViewController.swift */ = {isa = PBXFileReference; lastKnownFileType = sourcecode.swift; path = EmitterViewController.swift; sourceTree = "<group>"; };
		B5706E972078270F0002BB53 /* Emitter.swift */ = {isa = PBXFileReference; lastKnownFileType = sourcecode.swift; path = Emitter.swift; sourceTree = "<group>"; };
		B5706E9920783C7B0002BB53 /* RadialGradientView.swift */ = {isa = PBXFileReference; lastKnownFileType = sourcecode.swift; path = RadialGradientView.swift; sourceTree = "<group>"; };
		B571379220751A8E000CC454 /* RoundView.swift */ = {isa = PBXFileReference; lastKnownFileType = sourcecode.swift; path = RoundView.swift; sourceTree = "<group>"; };
		B5713794207522F8000CC454 /* RateFoodViewController.swift */ = {isa = PBXFileReference; lastKnownFileType = sourcecode.swift; path = RateFoodViewController.swift; sourceTree = "<group>"; };
		B571379620755DB6000CC454 /* AnimationBounceViewController.swift */ = {isa = PBXFileReference; lastKnownFileType = sourcecode.swift; path = AnimationBounceViewController.swift; sourceTree = "<group>"; };
		B5945BC7207585D600A9078A /* FlipOverViewController.swift */ = {isa = PBXFileReference; lastKnownFileType = sourcecode.swift; path = FlipOverViewController.swift; sourceTree = "<group>"; };
		B5CD63D02073ED0400F114FB /* Animations.app */ = {isa = PBXFileReference; explicitFileType = wrapper.application; includeInIndex = 0; path = Animations.app; sourceTree = BUILT_PRODUCTS_DIR; };
		B5CD63D32073ED0400F114FB /* AppDelegate.swift */ = {isa = PBXFileReference; lastKnownFileType = sourcecode.swift; path = AppDelegate.swift; sourceTree = "<group>"; };
		B5CD63D52073ED0400F114FB /* ViewController.swift */ = {isa = PBXFileReference; lastKnownFileType = sourcecode.swift; path = ViewController.swift; sourceTree = "<group>"; };
		B5CD63D82073ED0400F114FB /* Base */ = {isa = PBXFileReference; lastKnownFileType = file.storyboard; name = Base; path = Base.lproj/Main.storyboard; sourceTree = "<group>"; };
		B5CD63DA2073ED0400F114FB /* Assets.xcassets */ = {isa = PBXFileReference; lastKnownFileType = folder.assetcatalog; path = Assets.xcassets; sourceTree = "<group>"; };
		B5CD63DD2073ED0400F114FB /* Base */ = {isa = PBXFileReference; lastKnownFileType = file.storyboard; name = Base; path = Base.lproj/LaunchScreen.storyboard; sourceTree = "<group>"; };
		B5CD63DF2073ED0400F114FB /* Info.plist */ = {isa = PBXFileReference; lastKnownFileType = text.plist.xml; path = Info.plist; sourceTree = "<group>"; };
		B5CD63E52073F6C100F114FB /* BottonMenuViewController.swift */ = {isa = PBXFileReference; lastKnownFileType = sourcecode.swift; path = BottonMenuViewController.swift; sourceTree = "<group>"; };
/* End PBXFileReference section */

/* Begin PBXFrameworksBuildPhase section */
		B5CD63CD2073ED0400F114FB /* Frameworks */ = {
			isa = PBXFrameworksBuildPhase;
			buildActionMask = 2147483647;
			files = (
			);
			runOnlyForDeploymentPostprocessing = 0;
		};
/* End PBXFrameworksBuildPhase section */

/* Begin PBXGroup section */
		B5706E8B2077DDD00002BB53 /* Designable */ = {
			isa = PBXGroup;
			children = (
				B5706E9920783C7B0002BB53 /* RadialGradientView.swift */,
				B5706E8C2077DE000002BB53 /* GradientView.swift */,
			);
			path = Designable;
			sourceTree = "<group>";
		};
		B5CD63C72073ED0400F114FB = {
			isa = PBXGroup;
			children = (
				B5CD63D22073ED0400F114FB /* Animations */,
				B5CD63D12073ED0400F114FB /* Products */,
			);
			sourceTree = "<group>";
		};
		B5CD63D12073ED0400F114FB /* Products */ = {
			isa = PBXGroup;
			children = (
				B5CD63D02073ED0400F114FB /* Animations.app */,
			);
			name = Products;
			sourceTree = "<group>";
		};
		B5CD63D22073ED0400F114FB /* Animations */ = {
			isa = PBXGroup;
			children = (
				B5706E8B2077DDD00002BB53 /* Designable */,
				B5CD63D32073ED0400F114FB /* AppDelegate.swift */,
				B5CD63D52073ED0400F114FB /* ViewController.swift */,
				B5CD63D72073ED0400F114FB /* Main.storyboard */,
				B5CD63DA2073ED0400F114FB /* Assets.xcassets */,
				B5CD63DC2073ED0400F114FB /* LaunchScreen.storyboard */,
				B5CD63DF2073ED0400F114FB /* Info.plist */,
				B5CD63E52073F6C100F114FB /* BottonMenuViewController.swift */,
				B571379220751A8E000CC454 /* RoundView.swift */,
				B5713794207522F8000CC454 /* RateFoodViewController.swift */,
				B571379620755DB6000CC454 /* AnimationBounceViewController.swift */,
				B5945BC7207585D600A9078A /* FlipOverViewController.swift */,
				B5706E8E2077E14B0002BB53 /* InstagramViewController.swift */,
				B5706E912078023F0002BB53 /* CustomTableViewCell.swift */,
				B5706E9320780FF00002BB53 /* InstagramViewControllerExtension.swift */,
				B5706E952078248F0002BB53 /* EmitterViewController.swift */,
				B5706E972078270F0002BB53 /* Emitter.swift */,
			);
			path = Animations;
			sourceTree = "<group>";
		};
/* End PBXGroup section */

/* Begin PBXNativeTarget section */
		B5CD63CF2073ED0400F114FB /* Animations */ = {
			isa = PBXNativeTarget;
			buildConfigurationList = B5CD63E22073ED0400F114FB /* Build configuration list for PBXNativeTarget "Animations" */;
			buildPhases = (
				B5CD63CC2073ED0400F114FB /* Sources */,
				B5CD63CD2073ED0400F114FB /* Frameworks */,
				B5CD63CE2073ED0400F114FB /* Resources */,
			);
			buildRules = (
			);
			dependencies = (
			);
			name = Animations;
			productName = Animations;
			productReference = B5CD63D02073ED0400F114FB /* Animations.app */;
			productType = "com.apple.product-type.application";
		};
/* End PBXNativeTarget section */

/* Begin PBXProject section */
		B5CD63C82073ED0400F114FB /* Project object */ = {
			isa = PBXProject;
			attributes = {
				LastSwiftUpdateCheck = 0920;
				LastUpgradeCheck = 0920;
				ORGANIZATIONNAME = "Juan Pablo Ospina Herrera";
				TargetAttributes = {
					B5CD63CF2073ED0400F114FB = {
						CreatedOnToolsVersion = 9.2;
						ProvisioningStyle = Automatic;
					};
				};
			};
			buildConfigurationList = B5CD63CB2073ED0400F114FB /* Build configuration list for PBXProject "Animations" */;
			compatibilityVersion = "Xcode 8.0";
			developmentRegion = en;
			hasScannedForEncodings = 0;
			knownRegions = (
				en,
				Base,
			);
			mainGroup = B5CD63C72073ED0400F114FB;
			productRefGroup = B5CD63D12073ED0400F114FB /* Products */;
			projectDirPath = "";
			projectRoot = "";
			targets = (
				B5CD63CF2073ED0400F114FB /* Animations */,
			);
		};
/* End PBXProject section */

/* Begin PBXResourcesBuildPhase section */
		B5CD63CE2073ED0400F114FB /* Resources */ = {
			isa = PBXResourcesBuildPhase;
			buildActionMask = 2147483647;
			files = (
				B5CD63DE2073ED0400F114FB /* LaunchScreen.storyboard in Resources */,
				B5CD63DB2073ED0400F114FB /* Assets.xcassets in Resources */,
				B5CD63D92073ED0400F114FB /* Main.storyboard in Resources */,
			);
			runOnlyForDeploymentPostprocessing = 0;
		};
/* End PBXResourcesBuildPhase section */

/* Begin PBXSourcesBuildPhase section */
		B5CD63CC2073ED0400F114FB /* Sources */ = {
			isa = PBXSourcesBuildPhase;
			buildActionMask = 2147483647;
			files = (
				B5706E8F2077E14B0002BB53 /* InstagramViewController.swift in Sources */,
				B5CD63D62073ED0400F114FB /* ViewController.swift in Sources */,
				B571379320751A8E000CC454 /* RoundView.swift in Sources */,
				B5706E8D2077DE000002BB53 /* GradientView.swift in Sources */,
				B5713795207522F8000CC454 /* RateFoodViewController.swift in Sources */,
				B571379720755DB6000CC454 /* AnimationBounceViewController.swift in Sources */,
				B5706E922078023F0002BB53 /* CustomTableViewCell.swift in Sources */,
				B5706E962078248F0002BB53 /* EmitterViewController.swift in Sources */,
				B5CD63E62073F6C100F114FB /* BottonMenuViewController.swift in Sources */,
				B5706E9420780FF00002BB53 /* InstagramViewControllerExtension.swift in Sources */,
				B5CD63D42073ED0400F114FB /* AppDelegate.swift in Sources */,
				B5706E982078270F0002BB53 /* Emitter.swift in Sources */,
				B5945BC8207585D600A9078A /* FlipOverViewController.swift in Sources */,
				B5706E9A20783C7B0002BB53 /* RadialGradientView.swift in Sources */,
			);
			runOnlyForDeploymentPostprocessing = 0;
		};
/* End PBXSourcesBuildPhase section */

/* Begin PBXVariantGroup section */
		B5CD63D72073ED0400F114FB /* Main.storyboard */ = {
			isa = PBXVariantGroup;
			children = (
				B5CD63D82073ED0400F114FB /* Base */,
			);
			name = Main.storyboard;
			sourceTree = "<group>";
		};
		B5CD63DC2073ED0400F114FB /* LaunchScreen.storyboard */ = {
			isa = PBXVariantGroup;
			children = (
				B5CD63DD2073ED0400F114FB /* Base */,
			);
			name = LaunchScreen.storyboard;
			sourceTree = "<group>";
		};
/* End PBXVariantGroup section */

/* Begin XCBuildConfiguration section */
		B5CD63E02073ED0400F114FB /* Debug */ = {
			isa = XCBuildConfiguration;
			buildSettings = {
				ALWAYS_SEARCH_USER_PATHS = NO;
				CLANG_ANALYZER_NONNULL = YES;
				CLANG_ANALYZER_NUMBER_OBJECT_CONVERSION = YES_AGGRESSIVE;
				CLANG_CXX_LANGUAGE_STANDARD = "gnu++14";
				CLANG_CXX_LIBRARY = "libc++";
				CLANG_ENABLE_MODULES = YES;
				CLANG_ENABLE_OBJC_ARC = YES;
				CLANG_WARN_BLOCK_CAPTURE_AUTORELEASING = YES;
				CLANG_WARN_BOOL_CONVERSION = YES;
				CLANG_WARN_COMMA = YES;
				CLANG_WARN_CONSTANT_CONVERSION = YES;
				CLANG_WARN_DIRECT_OBJC_ISA_USAGE = YES_ERROR;
				CLANG_WARN_DOCUMENTATION_COMMENTS = YES;
				CLANG_WARN_EMPTY_BODY = YES;
				CLANG_WARN_ENUM_CONVERSION = YES;
				CLANG_WARN_INFINITE_RECURSION = YES;
				CLANG_WARN_INT_CONVERSION = YES;
				CLANG_WARN_NON_LITERAL_NULL_CONVERSION = YES;
				CLANG_WARN_OBJC_LITERAL_CONVERSION = YES;
				CLANG_WARN_OBJC_ROOT_CLASS = YES_ERROR;
				CLANG_WARN_RANGE_LOOP_ANALYSIS = YES;
				CLANG_WARN_STRICT_PROTOTYPES = YES;
				CLANG_WARN_SUSPICIOUS_MOVE = YES;
				CLANG_WARN_UNGUARDED_AVAILABILITY = YES_AGGRESSIVE;
				CLANG_WARN_UNREACHABLE_CODE = YES;
				CLANG_WARN__DUPLICATE_METHOD_MATCH = YES;
				CODE_SIGN_IDENTITY = "iPhone Developer";
				COPY_PHASE_STRIP = NO;
				DEBUG_INFORMATION_FORMAT = dwarf;
				ENABLE_STRICT_OBJC_MSGSEND = YES;
				ENABLE_TESTABILITY = YES;
				GCC_C_LANGUAGE_STANDARD = gnu11;
				GCC_DYNAMIC_NO_PIC = NO;
				GCC_NO_COMMON_BLOCKS = YES;
				GCC_OPTIMIZATION_LEVEL = 0;
				GCC_PREPROCESSOR_DEFINITIONS = (
					"DEBUG=1",
					"$(inherited)",
				);
				GCC_WARN_64_TO_32_BIT_CONVERSION = YES;
				GCC_WARN_ABOUT_RETURN_TYPE = YES_ERROR;
				GCC_WARN_UNDECLARED_SELECTOR = YES;
				GCC_WARN_UNINITIALIZED_AUTOS = YES_AGGRESSIVE;
				GCC_WARN_UNUSED_FUNCTION = YES;
				GCC_WARN_UNUSED_VARIABLE = YES;
				IPHONEOS_DEPLOYMENT_TARGET = 11.2;
				MTL_ENABLE_DEBUG_INFO = YES;
				ONLY_ACTIVE_ARCH = YES;
				SDKROOT = iphoneos;
				SWIFT_ACTIVE_COMPILATION_CONDITIONS = DEBUG;
				SWIFT_OPTIMIZATION_LEVEL = "-Onone";
			};
			name = Debug;
		};
		B5CD63E12073ED0400F114FB /* Release */ = {
			isa = XCBuildConfiguration;
			buildSettings = {
				ALWAYS_SEARCH_USER_PATHS = NO;
				CLANG_ANALYZER_NONNULL = YES;
				CLANG_ANALYZER_NUMBER_OBJECT_CONVERSION = YES_AGGRESSIVE;
				CLANG_CXX_LANGUAGE_STANDARD = "gnu++14";
				CLANG_CXX_LIBRARY = "libc++";
				CLANG_ENABLE_MODULES = YES;
				CLANG_ENABLE_OBJC_ARC = YES;
				CLANG_WARN_BLOCK_CAPTURE_AUTORELEASING = YES;
				CLANG_WARN_BOOL_CONVERSION = YES;
				CLANG_WARN_COMMA = YES;
				CLANG_WARN_CONSTANT_CONVERSION = YES;
				CLANG_WARN_DIRECT_OBJC_ISA_USAGE = YES_ERROR;
				CLANG_WARN_DOCUMENTATION_COMMENTS = YES;
				CLANG_WARN_EMPTY_BODY = YES;
				CLANG_WARN_ENUM_CONVERSION = YES;
				CLANG_WARN_INFINITE_RECURSION = YES;
				CLANG_WARN_INT_CONVERSION = YES;
				CLANG_WARN_NON_LITERAL_NULL_CONVERSION = YES;
				CLANG_WARN_OBJC_LITERAL_CONVERSION = YES;
				CLANG_WARN_OBJC_ROOT_CLASS = YES_ERROR;
				CLANG_WARN_RANGE_LOOP_ANALYSIS = YES;
				CLANG_WARN_STRICT_PROTOTYPES = YES;
				CLANG_WARN_SUSPICIOUS_MOVE = YES;
				CLANG_WARN_UNGUARDED_AVAILABILITY = YES_AGGRESSIVE;
				CLANG_WARN_UNREACHABLE_CODE = YES;
				CLANG_WARN__DUPLICATE_METHOD_MATCH = YES;
				CODE_SIGN_IDENTITY = "iPhone Developer";
				COPY_PHASE_STRIP = NO;
				DEBUG_INFORMATION_FORMAT = "dwarf-with-dsym";
				ENABLE_NS_ASSERTIONS = NO;
				ENABLE_STRICT_OBJC_MSGSEND = YES;
				GCC_C_LANGUAGE_STANDARD = gnu11;
				GCC_NO_COMMON_BLOCKS = YES;
				GCC_WARN_64_TO_32_BIT_CONVERSION = YES;
				GCC_WARN_ABOUT_RETURN_TYPE = YES_ERROR;
				GCC_WARN_UNDECLARED_SELECTOR = YES;
				GCC_WARN_UNINITIALIZED_AUTOS = YES_AGGRESSIVE;
				GCC_WARN_UNUSED_FUNCTION = YES;
				GCC_WARN_UNUSED_VARIABLE = YES;
				IPHONEOS_DEPLOYMENT_TARGET = 11.2;
				MTL_ENABLE_DEBUG_INFO = NO;
				SDKROOT = iphoneos;
				SWIFT_OPTIMIZATION_LEVEL = "-Owholemodule";
				VALIDATE_PRODUCT = YES;
			};
			name = Release;
		};
		B5CD63E32073ED0400F114FB /* Debug */ = {
			isa = XCBuildConfiguration;
			buildSettings = {
				ASSETCATALOG_COMPILER_APPICON_NAME = AppIcon;
				CODE_SIGN_STYLE = Automatic;
				INFOPLIST_FILE = Animations/Info.plist;
				LD_RUNPATH_SEARCH_PATHS = "$(inherited) @executable_path/Frameworks";
				PRODUCT_BUNDLE_IDENTIFIER = globant.Animations;
				PRODUCT_NAME = "$(TARGET_NAME)";
				SWIFT_VERSION = 4.0;
				TARGETED_DEVICE_FAMILY = "1,2";
			};
			name = Debug;
		};
		B5CD63E42073ED0400F114FB /* Release */ = {
			isa = XCBuildConfiguration;
			buildSettings = {
				ASSETCATALOG_COMPILER_APPICON_NAME = AppIcon;
				CODE_SIGN_STYLE = Automatic;
				INFOPLIST_FILE = Animations/Info.plist;
				LD_RUNPATH_SEARCH_PATHS = "$(inherited) @executable_path/Frameworks";
				PRODUCT_BUNDLE_IDENTIFIER = globant.Animations;
				PRODUCT_NAME = "$(TARGET_NAME)";
				SWIFT_VERSION = 4.0;
				TARGETED_DEVICE_FAMILY = "1,2";
			};
			name = Release;
		};
/* End XCBuildConfiguration section */

/* Begin XCConfigurationList section */
		B5CD63CB2073ED0400F114FB /* Build configuration list for PBXProject "Animations" */ = {
			isa = XCConfigurationList;
			buildConfigurations = (
				B5CD63E02073ED0400F114FB /* Debug */,
				B5CD63E12073ED0400F114FB /* Release */,
			);
			defaultConfigurationIsVisible = 0;
			defaultConfigurationName = Release;
		};
		B5CD63E22073ED0400F114FB /* Build configuration list for PBXNativeTarget "Animations" */ = {
			isa = XCConfigurationList;
			buildConfigurations = (
				B5CD63E32073ED0400F114FB /* Debug */,
				B5CD63E42073ED0400F114FB /* Release */,
			);
			defaultConfigurationIsVisible = 0;
			defaultConfigurationName = Release;
		};
/* End XCConfigurationList section */
	};
	rootObject = B5CD63C82073ED0400F114FB /* Project object */;
}
